
Microsoft Visual Studio Solution File, Format Version 12.00
# Visual Studio Version 17
VisualStudioVersion = 17.14.36511.14
MinimumVisualStudioVersion = 10.0.40219.1
Project("{2150E333-8FDC-42A3-9474-1A3956D46DE8}") = "src", "src", "{2BB5C490-A2D9-411D-92E0-BB72C3DB23E1}"
EndProject
Project("{2150E333-8FDC-42A3-9474-1A3956D46DE8}") = "tests", "tests", "{02EA681E-C7D8-13C7-8484-4AC65E1B71E8}"
EndProject
Project("{FAE04EC0-301F-11D3-BF4B-00C04F79EFBC}") = "Restaurants.Infrastrucutre", "src\Restaurants.Infrastrucutre\Restaurants.Infrastrucutre.csproj", "{A61FBB47-4077-F98E-F66F-512E1829E7B0}"
EndProject
Project("{FAE04EC0-301F-11D3-BF4B-00C04F79EFBC}") = "Restaurants.Domain", "src\Restaurants.Domain\Restaurants.Domain.csproj", "{27C20924-9E09-3927-8D4D-A204713E4FD3}"
EndProject
Project("{FAE04EC0-301F-11D3-BF4B-00C04F79EFBC}") = "Restaurants.Application", "src\Restaurants.Application\Restaurants.Application.csproj", "{EFEDB2AB-A54A-CEDE-88B8-6EA93CEC4242}"
EndProject
Project("{FAE04EC0-301F-11D3-BF4B-00C04F79EFBC}") = "Restaurants.API", "src\Restaurants.API\Restaurants.API.csproj", "{EE6051AE-B6D6-8202-9D97-06FDEF77DEC7}"
EndProject
Project("{FAE04EC0-301F-11D3-BF4B-00C04F79EFBC}") = "Restaurants.Infrastrucutre.Tests", "tests\Restaurants.Infrastrucutre.Tests\Restaurants.Infrastrucutre.Tests.csproj", "{DE3DDA75-2985-B43E-D6BF-45AF8A91E2C3}"
EndProject
Project("{FAE04EC0-301F-11D3-BF4B-00C04F79EFBC}") = "Restaurants.Application.Tests", "tests\Restaurants.Application.Tests\Restaurants.Application.Tests.csproj", "{E453FD2D-8495-C344-9E6E-5F75E3236B49}"
EndProject
Project("{FAE04EC0-301F-11D3-BF4B-00C04F79EFBC}") = "Restaurants.API.Tests", "tests\Restaurants.API.Tests\Restaurants.API.Tests.csproj", "{09AF7126-0CC5-D1A5-ACDB-6B0917D81A5B}"
EndProject
Global
	GlobalSection(SolutionConfigurationPlatforms) = preSolution
		Debug|Any CPU = Debug|Any CPU
		Release|Any CPU = Release|Any CPU
	EndGlobalSection
	GlobalSection(ProjectConfigurationPlatforms) = postSolution
		{A61FBB47-4077-F98E-F66F-512E1829E7B0}.Debug|Any CPU.ActiveCfg = Debug|Any CPU
		{A61FBB47-4077-F98E-F66F-512E1829E7B0}.Debug|Any CPU.Build.0 = Debug|Any CPU
		{A61FBB47-4077-F98E-F66F-512E1829E7B0}.Release|Any CPU.ActiveCfg = Release|Any CPU
		{A61FBB47-4077-F98E-F66F-512E1829E7B0}.Release|Any CPU.Build.0 = Release|Any CPU
		{27C20924-9E09-3927-8D4D-A204713E4FD3}.Debug|Any CPU.ActiveCfg = Debug|Any CPU
		{27C20924-9E09-3927-8D4D-A204713E4FD3}.Debug|Any CPU.Build.0 = Debug|Any CPU
		{27C20924-9E09-3927-8D4D-A204713E4FD3}.Release|Any CPU.ActiveCfg = Release|Any CPU
		{27C20924-9E09-3927-8D4D-A204713E4FD3}.Release|Any CPU.Build.0 = Release|Any CPU
		{EFEDB2AB-A54A-CEDE-88B8-6EA93CEC4242}.Debug|Any CPU.ActiveCfg = Debug|Any CPU
		{EFEDB2AB-A54A-CEDE-88B8-6EA93CEC4242}.Debug|Any CPU.Build.0 = Debug|Any CPU
		{EFEDB2AB-A54A-CEDE-88B8-6EA93CEC4242}.Release|Any CPU.ActiveCfg = Release|Any CPU
		{EFEDB2AB-A54A-CEDE-88B8-6EA93CEC4242}.Release|Any CPU.Build.0 = Release|Any CPU
		{EE6051AE-B6D6-8202-9D97-06FDEF77DEC7}.Debug|Any CPU.ActiveCfg = Debug|Any CPU
		{EE6051AE-B6D6-8202-9D97-06FDEF77DEC7}.Debug|Any CPU.Build.0 = Debug|Any CPU
		{EE6051AE-B6D6-8202-9D97-06FDEF77DEC7}.Release|Any CPU.ActiveCfg = Release|Any CPU
		{EE6051AE-B6D6-8202-9D97-06FDEF77DEC7}.Release|Any CPU.Build.0 = Release|Any CPU
		{DE3DDA75-2985-B43E-D6BF-45AF8A91E2C3}.Debug|Any CPU.ActiveCfg = Debug|Any CPU
		{DE3DDA75-2985-B43E-D6BF-45AF8A91E2C3}.Debug|Any CPU.Build.0 = Debug|Any CPU
		{DE3DDA75-2985-B43E-D6BF-45AF8A91E2C3}.Release|Any CPU.ActiveCfg = Release|Any CPU
		{DE3DDA75-2985-B43E-D6BF-45AF8A91E2C3}.Release|Any CPU.Build.0 = Release|Any CPU
		{E453FD2D-8495-C344-9E6E-5F75E3236B49}.Debug|Any CPU.ActiveCfg = Debug|Any CPU
		{E453FD2D-8495-C344-9E6E-5F75E3236B49}.Debug|Any CPU.Build.0 = Debug|Any CPU
		{E453FD2D-8495-C344-9E6E-5F75E3236B49}.Release|Any CPU.ActiveCfg = Release|Any CPU
		{E453FD2D-8495-C344-9E6E-5F75E3236B49}.Release|Any CPU.Build.0 = Release|Any CPU
		{09AF7126-0CC5-D1A5-ACDB-6B0917D81A5B}.Debug|Any CPU.ActiveCfg = Debug|Any CPU
		{09AF7126-0CC5-D1A5-ACDB-6B0917D81A5B}.Debug|Any CPU.Build.0 = Debug|Any CPU
		{09AF7126-0CC5-D1A5-ACDB-6B0917D81A5B}.Release|Any CPU.ActiveCfg = Release|Any CPU
		{09AF7126-0CC5-D1A5-ACDB-6B0917D81A5B}.Release|Any CPU.Build.0 = Release|Any CPU
	EndGlobalSection
	GlobalSection(SolutionProperties) = preSolution
		HideSolutionNode = FALSE
	EndGlobalSection
	GlobalSection(NestedProjects) = preSolution
		{A61FBB47-4077-F98E-F66F-512E1829E7B0} = {2BB5C490-A2D9-411D-92E0-BB72C3DB23E1}
		{27C20924-9E09-3927-8D4D-A204713E4FD3} = {2BB5C490-A2D9-411D-92E0-BB72C3DB23E1}
		{EFEDB2AB-A54A-CEDE-88B8-6EA93CEC4242} = {2BB5C490-A2D9-411D-92E0-BB72C3DB23E1}
		{EE6051AE-B6D6-8202-9D97-06FDEF77DEC7} = {2BB5C490-A2D9-411D-92E0-BB72C3DB23E1}
		{DE3DDA75-2985-B43E-D6BF-45AF8A91E2C3} = {02EA681E-C7D8-13C7-8484-4AC65E1B71E8}
		{E453FD2D-8495-C344-9E6E-5F75E3236B49} = {02EA681E-C7D8-13C7-8484-4AC65E1B71E8}
		{09AF7126-0CC5-D1A5-ACDB-6B0917D81A5B} = {02EA681E-C7D8-13C7-8484-4AC65E1B71E8}
	EndGlobalSection
	GlobalSection(ExtensibilityGlobals) = postSolution
		SolutionGuid = {A052BD9F-D2C0-446F-BAF2-8EF31E399C9D}
	EndGlobalSection
EndGlobal
